
Microsoft Visual Studio Solution File, Format Version 12.00
# Visual Studio 15
VisualStudioVersion = 15.0.28307.1259
MinimumVisualStudioVersion = 10.0.40219.1
Project("{8BC9CEB8-8B4A-11D0-8D11-00A0C91BC942}") = "quadtreeFun", "quadtreeFun\quadtreeFun.vcxproj", "{79EC7649-210A-4378-A3E0-CC84D2644EB1}"
EndProject
Project("{8BC9CEB8-8B4A-11D0-8D11-00A0C91BC942}") = "testy", "testy\testy.vcxproj", "{645DC31E-471B-497B-AE9D-7FF8AEFFF717}"
EndProject
Global
	GlobalSection(SolutionConfigurationPlatforms) = preSolution
		Debug|x64 = Debug|x64
		Debug|x86 = Debug|x86
		Release|x64 = Release|x64
		Release|x86 = Release|x86
	EndGlobalSection
	GlobalSection(ProjectConfigurationPlatforms) = postSolution
		{79EC7649-210A-4378-A3E0-CC84D2644EB1}.Debug|x64.ActiveCfg = Debug|x64
		{79EC7649-210A-4378-A3E0-CC84D2644EB1}.Debug|x64.Build.0 = Debug|x64
		{79EC7649-210A-4378-A3E0-CC84D2644EB1}.Debug|x86.ActiveCfg = Debug|Win32
		{79EC7649-210A-4378-A3E0-CC84D2644EB1}.Debug|x86.Build.0 = Debug|Win32
		{79EC7649-210A-4378-A3E0-CC84D2644EB1}.Release|x64.ActiveCfg = Release|x64
		{79EC7649-210A-4378-A3E0-CC84D2644EB1}.Release|x64.Build.0 = Release|x64
		{79EC7649-210A-4378-A3E0-CC84D2644EB1}.Release|x86.ActiveCfg = Release|Win32
		{79EC7649-210A-4378-A3E0-CC84D2644EB1}.Release|x86.Build.0 = Release|Win32
		{645DC31E-471B-497B-AE9D-7FF8AEFFF717}.Debug|x64.ActiveCfg = Debug|x64
		{645DC31E-471B-497B-AE9D-7FF8AEFFF717}.Debug|x64.Build.0 = Debug|x64
		{645DC31E-471B-497B-AE9D-7FF8AEFFF717}.Debug|x86.ActiveCfg = Debug|Win32
		{645DC31E-471B-497B-AE9D-7FF8AEFFF717}.Debug|x86.Build.0 = Debug|Win32
		{645DC31E-471B-497B-AE9D-7FF8AEFFF717}.Release|x64.ActiveCfg = Release|x64
		{645DC31E-471B-497B-AE9D-7FF8AEFFF717}.Release|x64.Build.0 = Release|x64
		{645DC31E-471B-497B-AE9D-7FF8AEFFF717}.Release|x86.ActiveCfg = Release|Win32
		{645DC31E-471B-497B-AE9D-7FF8AEFFF717}.Release|x86.Build.0 = Release|Win32
	EndGlobalSection
	GlobalSection(SolutionProperties) = preSolution
		HideSolutionNode = FALSE
	EndGlobalSection
	GlobalSection(ExtensibilityGlobals) = postSolution
		SolutionGuid = {3E487389-3F09-44F4-BC57-577C21F51CF5}
	EndGlobalSection
EndGlobal
